
Microsoft Visual Studio Solution File, Format Version 12.00
# Visual Studio 15
Project("{FAE04EC0-301F-11D3-BF4B-00C04F79EFBC}") = "Assembly-CSharp", "Assembly-CSharp.csproj", "{D2E879EA-CDAE-996E-6E20-D16FC3EE8A2A}"
EndProject
Project("{FAE04EC0-301F-11D3-BF4B-00C04F79EFBC}") = "AVProVideo.Runtime", "AVProVideo.Runtime.csproj", "{154D406F-20A0-8320-CDF1-05A761294B88}"
EndProject
Project("{FAE04EC0-301F-11D3-BF4B-00C04F79EFBC}") = "AVProVideo.Demos", "AVProVideo.Demos.csproj", "{53861031-35E4-C8F4-0E18-75302891ABA5}"
EndProject
Project("{FAE04EC0-301F-11D3-BF4B-00C04F79EFBC}") = "AVProVideo.Extensions.UnityUI", "AVProVideo.Extensions.UnityUI.csproj", "{E137AA21-3F2A-CAD4-5F11-2E13C7BF1123}"
EndProject
Project("{FAE04EC0-301F-11D3-BF4B-00C04F79EFBC}") = "AVProVideo.Extensions.Timeline", "AVProVideo.Extensions.Timeline.csproj", "{E1577494-7183-08A6-A452-2BD0C02D4BAA}"
EndProject
Project("{FAE04EC0-301F-11D3-BF4B-00C04F79EFBC}") = "AVProVideo.Extensions.VisualEffectGraph", "AVProVideo.Extensions.VisualEffectGraph.csproj", "{4C63C384-A65F-AF5B-A363-570D0A18E9C4}"
EndProject
Project("{FAE04EC0-301F-11D3-BF4B-00C04F79EFBC}") = "DOTween.Modules", "DOTween.Modules.csproj", "{0A0CD511-DFB7-EC14-9AAC-C6B1FACE5569}"
EndProject
Project("{FAE04EC0-301F-11D3-BF4B-00C04F79EFBC}") = "DOTweenPro.Scripts", "DOTweenPro.Scripts.csproj", "{AEBC0C08-A01B-1D84-F987-E4B3D8F5FA20}"
EndProject
Project("{FAE04EC0-301F-11D3-BF4B-00C04F79EFBC}") = "Assembly-CSharp-Editor", "Assembly-CSharp-Editor.csproj", "{0266361F-7D39-E488-650E-B4F03495E5F4}"
EndProject
Project("{FAE04EC0-301F-11D3-BF4B-00C04F79EFBC}") = "AVProVideo.Editor", "AVProVideo.Editor.csproj", "{17886682-A84A-52DF-F402-09FDBBA7A676}"
EndProject
Project("{FAE04EC0-301F-11D3-BF4B-00C04F79EFBC}") = "AVProVideo.Extensions.UnityUI.Editor", "AVProVideo.Extensions.UnityUI.Editor.csproj", "{F4A850C3-52FA-5E25-897C-715ECC7B1D70}"
EndProject
Project("{FAE04EC0-301F-11D3-BF4B-00C04F79EFBC}") = "DOTweenPro.EditorScripts", "DOTweenPro.EditorScripts.csproj", "{E22578DC-97B8-9550-D4E7-AE604BB37BCB}"
EndProject
Global
	GlobalSection(SolutionConfigurationPlatforms) = preSolution
		Debug|Any CPU = Debug|Any CPU
		Release|Any CPU = Release|Any CPU
	EndGlobalSection
	GlobalSection(ProjectConfigurationPlatforms) = postSolution
		{D2E879EA-CDAE-996E-6E20-D16FC3EE8A2A}.Debug|Any CPU.ActiveCfg = Debug|Any CPU
		{D2E879EA-CDAE-996E-6E20-D16FC3EE8A2A}.Debug|Any CPU.Build.0 = Debug|Any CPU
		{D2E879EA-CDAE-996E-6E20-D16FC3EE8A2A}.Release|Any CPU.ActiveCfg = Release|Any CPU
		{D2E879EA-CDAE-996E-6E20-D16FC3EE8A2A}.Release|Any CPU.Build.0 = Release|Any CPU
		{154D406F-20A0-8320-CDF1-05A761294B88}.Debug|Any CPU.ActiveCfg = Debug|Any CPU
		{154D406F-20A0-8320-CDF1-05A761294B88}.Debug|Any CPU.Build.0 = Debug|Any CPU
		{154D406F-20A0-8320-CDF1-05A761294B88}.Release|Any CPU.ActiveCfg = Release|Any CPU
		{154D406F-20A0-8320-CDF1-05A761294B88}.Release|Any CPU.Build.0 = Release|Any CPU
		{53861031-35E4-C8F4-0E18-75302891ABA5}.Debug|Any CPU.ActiveCfg = Debug|Any CPU
		{53861031-35E4-C8F4-0E18-75302891ABA5}.Debug|Any CPU.Build.0 = Debug|Any CPU
		{53861031-35E4-C8F4-0E18-75302891ABA5}.Release|Any CPU.ActiveCfg = Release|Any CPU
		{53861031-35E4-C8F4-0E18-75302891ABA5}.Release|Any CPU.Build.0 = Release|Any CPU
		{E137AA21-3F2A-CAD4-5F11-2E13C7BF1123}.Debug|Any CPU.ActiveCfg = Debug|Any CPU
		{E137AA21-3F2A-CAD4-5F11-2E13C7BF1123}.Debug|Any CPU.Build.0 = Debug|Any CPU
		{E137AA21-3F2A-CAD4-5F11-2E13C7BF1123}.Release|Any CPU.ActiveCfg = Release|Any CPU
		{E137AA21-3F2A-CAD4-5F11-2E13C7BF1123}.Release|Any CPU.Build.0 = Release|Any CPU
		{E1577494-7183-08A6-A452-2BD0C02D4BAA}.Debug|Any CPU.ActiveCfg = Debug|Any CPU
		{E1577494-7183-08A6-A452-2BD0C02D4BAA}.Debug|Any CPU.Build.0 = Debug|Any CPU
		{E1577494-7183-08A6-A452-2BD0C02D4BAA}.Release|Any CPU.ActiveCfg = Release|Any CPU
		{E1577494-7183-08A6-A452-2BD0C02D4BAA}.Release|Any CPU.Build.0 = Release|Any CPU
		{4C63C384-A65F-AF5B-A363-570D0A18E9C4}.Debug|Any CPU.ActiveCfg = Debug|Any CPU
		{4C63C384-A65F-AF5B-A363-570D0A18E9C4}.Debug|Any CPU.Build.0 = Debug|Any CPU
		{4C63C384-A65F-AF5B-A363-570D0A18E9C4}.Release|Any CPU.ActiveCfg = Release|Any CPU
		{4C63C384-A65F-AF5B-A363-570D0A18E9C4}.Release|Any CPU.Build.0 = Release|Any CPU
		{0A0CD511-DFB7-EC14-9AAC-C6B1FACE5569}.Debug|Any CPU.ActiveCfg = Debug|Any CPU
		{0A0CD511-DFB7-EC14-9AAC-C6B1FACE5569}.Debug|Any CPU.Build.0 = Debug|Any CPU
		{0A0CD511-DFB7-EC14-9AAC-C6B1FACE5569}.Release|Any CPU.ActiveCfg = Release|Any CPU
		{0A0CD511-DFB7-EC14-9AAC-C6B1FACE5569}.Release|Any CPU.Build.0 = Release|Any CPU
		{AEBC0C08-A01B-1D84-F987-E4B3D8F5FA20}.Debug|Any CPU.ActiveCfg = Debug|Any CPU
		{AEBC0C08-A01B-1D84-F987-E4B3D8F5FA20}.Debug|Any CPU.Build.0 = Debug|Any CPU
		{AEBC0C08-A01B-1D84-F987-E4B3D8F5FA20}.Release|Any CPU.ActiveCfg = Release|Any CPU
		{AEBC0C08-A01B-1D84-F987-E4B3D8F5FA20}.Release|Any CPU.Build.0 = Release|Any CPU
		{0266361F-7D39-E488-650E-B4F03495E5F4}.Debug|Any CPU.ActiveCfg = Debug|Any CPU
		{0266361F-7D39-E488-650E-B4F03495E5F4}.Debug|Any CPU.Build.0 = Debug|Any CPU
		{0266361F-7D39-E488-650E-B4F03495E5F4}.Release|Any CPU.ActiveCfg = Release|Any CPU
		{0266361F-7D39-E488-650E-B4F03495E5F4}.Release|Any CPU.Build.0 = Release|Any CPU
		{17886682-A84A-52DF-F402-09FDBBA7A676}.Debug|Any CPU.ActiveCfg = Debug|Any CPU
		{17886682-A84A-52DF-F402-09FDBBA7A676}.Debug|Any CPU.Build.0 = Debug|Any CPU
		{17886682-A84A-52DF-F402-09FDBBA7A676}.Release|Any CPU.ActiveCfg = Release|Any CPU
		{17886682-A84A-52DF-F402-09FDBBA7A676}.Release|Any CPU.Build.0 = Release|Any CPU
		{F4A850C3-52FA-5E25-897C-715ECC7B1D70}.Debug|Any CPU.ActiveCfg = Debug|Any CPU
		{F4A850C3-52FA-5E25-897C-715ECC7B1D70}.Debug|Any CPU.Build.0 = Debug|Any CPU
		{F4A850C3-52FA-5E25-897C-715ECC7B1D70}.Release|Any CPU.ActiveCfg = Release|Any CPU
		{F4A850C3-52FA-5E25-897C-715ECC7B1D70}.Release|Any CPU.Build.0 = Release|Any CPU
		{E22578DC-97B8-9550-D4E7-AE604BB37BCB}.Debug|Any CPU.ActiveCfg = Debug|Any CPU
		{E22578DC-97B8-9550-D4E7-AE604BB37BCB}.Debug|Any CPU.Build.0 = Debug|Any CPU
		{E22578DC-97B8-9550-D4E7-AE604BB37BCB}.Release|Any CPU.ActiveCfg = Release|Any CPU
		{E22578DC-97B8-9550-D4E7-AE604BB37BCB}.Release|Any CPU.Build.0 = Release|Any CPU
	EndGlobalSection
	GlobalSection(SolutionProperties) = preSolution
		HideSolutionNode = FALSE
	EndGlobalSection
EndGlobal
